
Microsoft Visual Studio Solution File, Format Version 12.00
# Visual Studio 15
VisualStudioVersion = 15.0.28010.2026
MinimumVisualStudioVersion = 10.0.40219.1
Project("{FAE04EC0-301F-11D3-BF4B-00C04F79EFBC}") = "ListCreator", "ListCreator\ListCreator.csproj", "{9DF11D4E-2695-4D12-B70F-BB91F2C87AFD}"
EndProject
Global
	GlobalSection(SolutionConfigurationPlatforms) = preSolution
		Debug|Any CPU = Debug|Any CPU
		Release|Any CPU = Release|Any CPU
	EndGlobalSection
	GlobalSection(ProjectConfigurationPlatforms) = postSolution
		{9DF11D4E-2695-4D12-B70F-BB91F2C87AFD}.Debug|Any CPU.ActiveCfg = Debug|Any CPU
		{9DF11D4E-2695-4D12-B70F-BB91F2C87AFD}.Debug|Any CPU.Build.0 = Debug|Any CPU
		{9DF11D4E-2695-4D12-B70F-BB91F2C87AFD}.Release|Any CPU.ActiveCfg = Release|Any CPU
		{9DF11D4E-2695-4D12-B70F-BB91F2C87AFD}.Release|Any CPU.Build.0 = Release|Any CPU
	EndGlobalSection
	GlobalSection(SolutionProperties) = preSolution
		HideSolutionNode = FALSE
	EndGlobalSection
	GlobalSection(ExtensibilityGlobals) = postSolution
		SolutionGuid = {E416A281-D062-4970-874A-EA53B8C58B9D}
	EndGlobalSection
EndGlobal
